// !$*UTF8*$!
{
	archiveVersion = 1;
	classes = {
	};
	objectVersion = 46;
	objects = {

/* Begin PBXBuildFile section */
		30263D4A1EE6340B007B30C8 /* XBBaseTableViewVC.m in Sources */ = {isa = PBXBuildFile; fileRef = 30263D491EE6340B007B30C8 /* XBBaseTableViewVC.m */; };
		30263D4D1EE634B1007B30C8 /* XBSettingGroup.m in Sources */ = {isa = PBXBuildFile; fileRef = 30263D4C1EE634B1007B30C8 /* XBSettingGroup.m */; };
		30263D501EE634F9007B30C8 /* XBSettingItem.m in Sources */ = {isa = PBXBuildFile; fileRef = 30263D4F1EE634F9007B30C8 /* XBSettingItem.m */; };
		30263D531EE63556007B30C8 /* XBSettingCell.m in Sources */ = {isa = PBXBuildFile; fileRef = 30263D521EE63556007B30C8 /* XBSettingCell.m */; };
		30263D561EE635D1007B30C8 /* XBSwtichSettingItem.m in Sources */ = {isa = PBXBuildFile; fileRef = 30263D551EE635D1007B30C8 /* XBSwtichSettingItem.m */; };
		30263D591EE635ED007B30C8 /* XBArrowSettingItem.m in Sources */ = {isa = PBXBuildFile; fileRef = 30263D581EE635ED007B30C8 /* XBArrowSettingItem.m */; };
		30263D5F1EE63816007B30C8 /* UIImage+image.m in Sources */ = {isa = PBXBuildFile; fileRef = 30263D5E1EE63816007B30C8 /* UIImage+image.m */; };
		30263D621EE63BD5007B30C8 /* XBUITool.m in Sources */ = {isa = PBXBuildFile; fileRef = 30263D611EE63BD5007B30C8 /* XBUITool.m */; };
		3055926D1EE4F9DF00864E6E /* Images.xcassets in Resources */ = {isa = PBXBuildFile; fileRef = 3055926C1EE4F9DF00864E6E /* Images.xcassets */; };
		30A988591EE5566700D04924 /* XBTabBarController.m in Sources */ = {isa = PBXBuildFile; fileRef = 30A988581EE5566700D04924 /* XBTabBarController.m */; };
		30A9885C1EE5568800D04924 /* XBNavigationController.m in Sources */ = {isa = PBXBuildFile; fileRef = 30A9885B1EE5568800D04924 /* XBNavigationController.m */; };
		30A9885F1EE556A100D04924 /* HomeViewController.m in Sources */ = {isa = PBXBuildFile; fileRef = 30A9885E1EE556A100D04924 /* HomeViewController.m */; };
		30A988621EE556C000D04924 /* BaseViewController.m in Sources */ = {isa = PBXBuildFile; fileRef = 30A988611EE556C000D04924 /* BaseViewController.m */; };
		30A988651EE556E400D04924 /* DisViewController.m in Sources */ = {isa = PBXBuildFile; fileRef = 30A988641EE556E400D04924 /* DisViewController.m */; };
		30A988681EE556F100D04924 /* PersonViewController.m in Sources */ = {isa = PBXBuildFile; fileRef = 30A988671EE556F100D04924 /* PersonViewController.m */; };
		30A9886B1EE5570100D04924 /* OneBuyViewController.m in Sources */ = {isa = PBXBuildFile; fileRef = 30A9886A1EE5570100D04924 /* OneBuyViewController.m */; };
		30A988701EE562B600D04924 /* BaseWebViewController.m in Sources */ = {isa = PBXBuildFile; fileRef = 30A9886F1EE562B600D04924 /* BaseWebViewController.m */; };
		30A988B31EE57D7A00D04924 /* XBGuidePage.m in Sources */ = {isa = PBXBuildFile; fileRef = 30A988B21EE57D7A00D04924 /* XBGuidePage.m */; };
		30A988B61EE57F8E00D04924 /* XBRequestNetTool.m in Sources */ = {isa = PBXBuildFile; fileRef = 30A988B51EE57F8E00D04924 /* XBRequestNetTool.m */; };
		30DF95091EE646CE000261C8 /* XBRequestModel.m in Sources */ = {isa = PBXBuildFile; fileRef = 30DF95081EE646CE000261C8 /* XBRequestModel.m */; };
		30DF950C1EE69476000261C8 /* Discover.json in Resources */ = {isa = PBXBuildFile; fileRef = 30DF950B1EE69476000261C8 /* Discover.json */; };
		30DF950F1EE69860000261C8 /* DIscoverItem.m in Sources */ = {isa = PBXBuildFile; fileRef = 30DF950E1EE69860000261C8 /* DIscoverItem.m */; };
		30DF95121EE69F78000261C8 /* DisContentController.m in Sources */ = {isa = PBXBuildFile; fileRef = 30DF95111EE69F78000261C8 /* DisContentController.m */; };
		30DF95151EE6AA77000261C8 /* DisContentEntity.m in Sources */ = {isa = PBXBuildFile; fileRef = 30DF95141EE6AA77000261C8 /* DisContentEntity.m */; };
		30DF95191EE6B1BC000261C8 /* DisContentCell.m in Sources */ = {isa = PBXBuildFile; fileRef = 30DF95181EE6B1BC000261C8 /* DisContentCell.m */; };
		30DF951C1EE6B322000261C8 /* XBBaseTableViewCell.m in Sources */ = {isa = PBXBuildFile; fileRef = 30DF951B1EE6B322000261C8 /* XBBaseTableViewCell.m */; };
		30DF95201EE6BA4E000261C8 /* XBTabBar.m in Sources */ = {isa = PBXBuildFile; fileRef = 30DF951F1EE6BA4E000261C8 /* XBTabBar.m */; };
		30DF95231EE6BAE8000261C8 /* XBTabBarButton.m in Sources */ = {isa = PBXBuildFile; fileRef = 30DF95221EE6BAE8000261C8 /* XBTabBarButton.m */; };
		30E7AD131EE45F5B000609DB /* main.m in Sources */ = {isa = PBXBuildFile; fileRef = 30E7AD121EE45F5B000609DB /* main.m */; };
		30E7AD161EE45F5B000609DB /* AppDelegate.m in Sources */ = {isa = PBXBuildFile; fileRef = 30E7AD151EE45F5B000609DB /* AppDelegate.m */; };
		30E7AD1C1EE45F5B000609DB /* Main.storyboard in Resources */ = {isa = PBXBuildFile; fileRef = 30E7AD1A1EE45F5B000609DB /* Main.storyboard */; };
		30E7AD211EE45F5B000609DB /* LaunchScreen.storyboard in Resources */ = {isa = PBXBuildFile; fileRef = 30E7AD1F1EE45F5B000609DB /* LaunchScreen.storyboard */; };
		30E7AD2C1EE45F5B000609DB /* ProjectTests.m in Sources */ = {isa = PBXBuildFile; fileRef = 30E7AD2B1EE45F5B000609DB /* ProjectTests.m */; };
		30E7AD371EE45F5B000609DB /* ProjectUITests.m in Sources */ = {isa = PBXBuildFile; fileRef = 30E7AD361EE45F5B000609DB /* ProjectUITests.m */; };
		D954D468FC561B8034C2A96F /* Pods_Project.framework in Frameworks */ = {isa = PBXBuildFile; fileRef = 650694DF1DCFA996042890B9 /* Pods_Project.framework */; };
/* End PBXBuildFile section */

/* Begin PBXContainerItemProxy section */
		30E7AD281EE45F5B000609DB /* PBXContainerItemProxy */ = {
			isa = PBXContainerItemProxy;
			containerPortal = 30E7AD061EE45F5B000609DB /* Project object */;
			proxyType = 1;
			remoteGlobalIDString = 30E7AD0D1EE45F5B000609DB;
			remoteInfo = Project;
		};
		30E7AD331EE45F5B000609DB /* PBXContainerItemProxy */ = {
			isa = PBXContainerItemProxy;
			containerPortal = 30E7AD061EE45F5B000609DB /* Project object */;
			proxyType = 1;
			remoteGlobalIDString = 30E7AD0D1EE45F5B000609DB;
			remoteInfo = Project;
		};
/* End PBXContainerItemProxy section */

/* Begin PBXFileReference section */
		061EE9EA6E7181AD71D1C79E /* Pods-Project.release.xcconfig */ = {isa = PBXFileReference; includeInIndex = 1; lastKnownFileType = text.xcconfig; name = "Pods-Project.release.xcconfig"; path = "Pods/Target Support Files/Pods-Project/Pods-Project.release.xcconfig"; sourceTree = "<group>"; };
		30263D481EE6340B007B30C8 /* XBBaseTableViewVC.h */ = {isa = PBXFileReference; fileEncoding = 4; lastKnownFileType = sourcecode.c.h; path = XBBaseTableViewVC.h; sourceTree = "<group>"; };
		30263D491EE6340B007B30C8 /* XBBaseTableViewVC.m */ = {isa = PBXFileReference; fileEncoding = 4; lastKnownFileType = sourcecode.c.objc; path = XBBaseTableViewVC.m; sourceTree = "<group>"; };
		30263D4B1EE634B1007B30C8 /* XBSettingGroup.h */ = {isa = PBXFileReference; fileEncoding = 4; lastKnownFileType = sourcecode.c.h; path = XBSettingGroup.h; sourceTree = "<group>"; };
		30263D4C1EE634B1007B30C8 /* XBSettingGroup.m */ = {isa = PBXFileReference; fileEncoding = 4; lastKnownFileType = sourcecode.c.objc; path = XBSettingGroup.m; sourceTree = "<group>"; };
		30263D4E1EE634F9007B30C8 /* XBSettingItem.h */ = {isa = PBXFileReference; fileEncoding = 4; lastKnownFileType = sourcecode.c.h; path = XBSettingItem.h; sourceTree = "<group>"; };
		30263D4F1EE634F9007B30C8 /* XBSettingItem.m */ = {isa = PBXFileReference; fileEncoding = 4; lastKnownFileType = sourcecode.c.objc; path = XBSettingItem.m; sourceTree = "<group>"; };
		30263D511EE63556007B30C8 /* XBSettingCell.h */ = {isa = PBXFileReference; fileEncoding = 4; lastKnownFileType = sourcecode.c.h; path = XBSettingCell.h; sourceTree = "<group>"; };
		30263D521EE63556007B30C8 /* XBSettingCell.m */ = {isa = PBXFileReference; fileEncoding = 4; lastKnownFileType = sourcecode.c.objc; path = XBSettingCell.m; sourceTree = "<group>"; };
		30263D541EE635D1007B30C8 /* XBSwtichSettingItem.h */ = {isa = PBXFileReference; fileEncoding = 4; lastKnownFileType = sourcecode.c.h; path = XBSwtichSettingItem.h; sourceTree = "<group>"; };
		30263D551EE635D1007B30C8 /* XBSwtichSettingItem.m */ = {isa = PBXFileReference; fileEncoding = 4; lastKnownFileType = sourcecode.c.objc; path = XBSwtichSettingItem.m; sourceTree = "<group>"; };
		30263D571EE635ED007B30C8 /* XBArrowSettingItem.h */ = {isa = PBXFileReference; fileEncoding = 4; lastKnownFileType = sourcecode.c.h; path = XBArrowSettingItem.h; sourceTree = "<group>"; };
		30263D581EE635ED007B30C8 /* XBArrowSettingItem.m */ = {isa = PBXFileReference; fileEncoding = 4; lastKnownFileType = sourcecode.c.objc; path = XBArrowSettingItem.m; sourceTree = "<group>"; };
		30263D5D1EE63816007B30C8 /* UIImage+image.h */ = {isa = PBXFileReference; fileEncoding = 4; lastKnownFileType = sourcecode.c.h; path = "UIImage+image.h"; sourceTree = "<group>"; };
		30263D5E1EE63816007B30C8 /* UIImage+image.m */ = {isa = PBXFileReference; fileEncoding = 4; lastKnownFileType = sourcecode.c.objc; path = "UIImage+image.m"; sourceTree = "<group>"; };
		30263D601EE63BD5007B30C8 /* XBUITool.h */ = {isa = PBXFileReference; fileEncoding = 4; lastKnownFileType = sourcecode.c.h; path = XBUITool.h; sourceTree = "<group>"; };
		30263D611EE63BD5007B30C8 /* XBUITool.m */ = {isa = PBXFileReference; fileEncoding = 4; lastKnownFileType = sourcecode.c.objc; path = XBUITool.m; sourceTree = "<group>"; };
		305592681EE4E58A00864E6E /* ProjectHeader.pch */ = {isa = PBXFileReference; lastKnownFileType = sourcecode.c.h; path = ProjectHeader.pch; sourceTree = "<group>"; };
		305592691EE4F06B00864E6E /* Project.entitlements */ = {isa = PBXFileReference; lastKnownFileType = text.plist.entitlements; path = Project.entitlements; sourceTree = "<group>"; };
		3055926C1EE4F9DF00864E6E /* Images.xcassets */ = {isa = PBXFileReference; lastKnownFileType = folder.assetcatalog; path = Images.xcassets; sourceTree = "<group>"; };
		30A988571EE5566700D04924 /* XBTabBarController.h */ = {isa = PBXFileReference; fileEncoding = 4; lastKnownFileType = sourcecode.c.h; path = XBTabBarController.h; sourceTree = "<group>"; };
		30A988581EE5566700D04924 /* XBTabBarController.m */ = {isa = PBXFileReference; fileEncoding = 4; lastKnownFileType = sourcecode.c.objc; path = XBTabBarController.m; sourceTree = "<group>"; };
		30A9885A1EE5568800D04924 /* XBNavigationController.h */ = {isa = PBXFileReference; fileEncoding = 4; lastKnownFileType = sourcecode.c.h; path = XBNavigationController.h; sourceTree = "<group>"; };
		30A9885B1EE5568800D04924 /* XBNavigationController.m */ = {isa = PBXFileReference; fileEncoding = 4; lastKnownFileType = sourcecode.c.objc; path = XBNavigationController.m; sourceTree = "<group>"; };
		30A9885D1EE556A100D04924 /* HomeViewController.h */ = {isa = PBXFileReference; fileEncoding = 4; lastKnownFileType = sourcecode.c.h; path = HomeViewController.h; sourceTree = "<group>"; };
		30A9885E1EE556A100D04924 /* HomeViewController.m */ = {isa = PBXFileReference; fileEncoding = 4; lastKnownFileType = sourcecode.c.objc; path = HomeViewController.m; sourceTree = "<group>"; };
		30A988601EE556C000D04924 /* BaseViewController.h */ = {isa = PBXFileReference; fileEncoding = 4; lastKnownFileType = sourcecode.c.h; path = BaseViewController.h; sourceTree = "<group>"; };
		30A988611EE556C000D04924 /* BaseViewController.m */ = {isa = PBXFileReference; fileEncoding = 4; lastKnownFileType = sourcecode.c.objc; path = BaseViewController.m; sourceTree = "<group>"; };
		30A988631EE556E400D04924 /* DisViewController.h */ = {isa = PBXFileReference; fileEncoding = 4; lastKnownFileType = sourcecode.c.h; path = DisViewController.h; sourceTree = "<group>"; };
		30A988641EE556E400D04924 /* DisViewController.m */ = {isa = PBXFileReference; fileEncoding = 4; lastKnownFileType = sourcecode.c.objc; path = DisViewController.m; sourceTree = "<group>"; };
		30A988661EE556F100D04924 /* PersonViewController.h */ = {isa = PBXFileReference; fileEncoding = 4; lastKnownFileType = sourcecode.c.h; path = PersonViewController.h; sourceTree = "<group>"; };
		30A988671EE556F100D04924 /* PersonViewController.m */ = {isa = PBXFileReference; fileEncoding = 4; lastKnownFileType = sourcecode.c.objc; path = PersonViewController.m; sourceTree = "<group>"; };
		30A988691EE5570100D04924 /* OneBuyViewController.h */ = {isa = PBXFileReference; fileEncoding = 4; lastKnownFileType = sourcecode.c.h; path = OneBuyViewController.h; sourceTree = "<group>"; };
		30A9886A1EE5570100D04924 /* OneBuyViewController.m */ = {isa = PBXFileReference; fileEncoding = 4; lastKnownFileType = sourcecode.c.objc; path = OneBuyViewController.m; sourceTree = "<group>"; };
		30A9886E1EE562B600D04924 /* BaseWebViewController.h */ = {isa = PBXFileReference; fileEncoding = 4; lastKnownFileType = sourcecode.c.h; path = BaseWebViewController.h; sourceTree = "<group>"; };
		30A9886F1EE562B600D04924 /* BaseWebViewController.m */ = {isa = PBXFileReference; fileEncoding = 4; lastKnownFileType = sourcecode.c.objc; path = BaseWebViewController.m; sourceTree = "<group>"; };
		30A988B11EE57D7A00D04924 /* XBGuidePage.h */ = {isa = PBXFileReference; fileEncoding = 4; lastKnownFileType = sourcecode.c.h; path = XBGuidePage.h; sourceTree = "<group>"; };
		30A988B21EE57D7A00D04924 /* XBGuidePage.m */ = {isa = PBXFileReference; fileEncoding = 4; lastKnownFileType = sourcecode.c.objc; path = XBGuidePage.m; sourceTree = "<group>"; };
		30A988B41EE57F8E00D04924 /* XBRequestNetTool.h */ = {isa = PBXFileReference; fileEncoding = 4; lastKnownFileType = sourcecode.c.h; path = XBRequestNetTool.h; sourceTree = "<group>"; };
		30A988B51EE57F8E00D04924 /* XBRequestNetTool.m */ = {isa = PBXFileReference; fileEncoding = 4; lastKnownFileType = sourcecode.c.objc; path = XBRequestNetTool.m; sourceTree = "<group>"; };
		30DF95071EE646CE000261C8 /* XBRequestModel.h */ = {isa = PBXFileReference; fileEncoding = 4; lastKnownFileType = sourcecode.c.h; path = XBRequestModel.h; sourceTree = "<group>"; };
		30DF95081EE646CE000261C8 /* XBRequestModel.m */ = {isa = PBXFileReference; fileEncoding = 4; lastKnownFileType = sourcecode.c.objc; path = XBRequestModel.m; sourceTree = "<group>"; };
		30DF950B1EE69476000261C8 /* Discover.json */ = {isa = PBXFileReference; fileEncoding = 4; lastKnownFileType = text.json; path = Discover.json; sourceTree = "<group>"; };
		30DF950D1EE69860000261C8 /* DIscoverItem.h */ = {isa = PBXFileReference; fileEncoding = 4; lastKnownFileType = sourcecode.c.h; path = DIscoverItem.h; sourceTree = "<group>"; };
		30DF950E1EE69860000261C8 /* DIscoverItem.m */ = {isa = PBXFileReference; fileEncoding = 4; lastKnownFileType = sourcecode.c.objc; path = DIscoverItem.m; sourceTree = "<group>"; };
		30DF95101EE69F78000261C8 /* DisContentController.h */ = {isa = PBXFileReference; fileEncoding = 4; lastKnownFileType = sourcecode.c.h; path = DisContentController.h; sourceTree = "<group>"; };
		30DF95111EE69F78000261C8 /* DisContentController.m */ = {isa = PBXFileReference; fileEncoding = 4; lastKnownFileType = sourcecode.c.objc; path = DisContentController.m; sourceTree = "<group>"; };
		30DF95131EE6AA77000261C8 /* DisContentEntity.h */ = {isa = PBXFileReference; fileEncoding = 4; lastKnownFileType = sourcecode.c.h; path = DisContentEntity.h; sourceTree = "<group>"; };
		30DF95141EE6AA77000261C8 /* DisContentEntity.m */ = {isa = PBXFileReference; fileEncoding = 4; lastKnownFileType = sourcecode.c.objc; path = DisContentEntity.m; sourceTree = "<group>"; };
		30DF95171EE6B1BC000261C8 /* DisContentCell.h */ = {isa = PBXFileReference; fileEncoding = 4; lastKnownFileType = sourcecode.c.h; path = DisContentCell.h; sourceTree = "<group>"; };
		30DF95181EE6B1BC000261C8 /* DisContentCell.m */ = {isa = PBXFileReference; fileEncoding = 4; lastKnownFileType = sourcecode.c.objc; path = DisContentCell.m; sourceTree = "<group>"; };
		30DF951A1EE6B322000261C8 /* XBBaseTableViewCell.h */ = {isa = PBXFileReference; fileEncoding = 4; lastKnownFileType = sourcecode.c.h; path = XBBaseTableViewCell.h; sourceTree = "<group>"; };
		30DF951B1EE6B322000261C8 /* XBBaseTableViewCell.m */ = {isa = PBXFileReference; fileEncoding = 4; lastKnownFileType = sourcecode.c.objc; path = XBBaseTableViewCell.m; sourceTree = "<group>"; };
		30DF951E1EE6BA4E000261C8 /* XBTabBar.h */ = {isa = PBXFileReference; fileEncoding = 4; lastKnownFileType = sourcecode.c.h; path = XBTabBar.h; sourceTree = "<group>"; };
		30DF951F1EE6BA4E000261C8 /* XBTabBar.m */ = {isa = PBXFileReference; fileEncoding = 4; lastKnownFileType = sourcecode.c.objc; path = XBTabBar.m; sourceTree = "<group>"; };
		30DF95211EE6BAE8000261C8 /* XBTabBarButton.h */ = {isa = PBXFileReference; fileEncoding = 4; lastKnownFileType = sourcecode.c.h; path = XBTabBarButton.h; sourceTree = "<group>"; };
		30DF95221EE6BAE8000261C8 /* XBTabBarButton.m */ = {isa = PBXFileReference; fileEncoding = 4; lastKnownFileType = sourcecode.c.objc; path = XBTabBarButton.m; sourceTree = "<group>"; };
		30E7AD0E1EE45F5B000609DB /* Project.app */ = {isa = PBXFileReference; explicitFileType = wrapper.application; includeInIndex = 0; path = Project.app; sourceTree = BUILT_PRODUCTS_DIR; };
		30E7AD121EE45F5B000609DB /* main.m */ = {isa = PBXFileReference; lastKnownFileType = sourcecode.c.objc; path = main.m; sourceTree = "<group>"; };
		30E7AD141EE45F5B000609DB /* AppDelegate.h */ = {isa = PBXFileReference; lastKnownFileType = sourcecode.c.h; path = AppDelegate.h; sourceTree = "<group>"; };
		30E7AD151EE45F5B000609DB /* AppDelegate.m */ = {isa = PBXFileReference; lastKnownFileType = sourcecode.c.objc; path = AppDelegate.m; sourceTree = "<group>"; };
		30E7AD1B1EE45F5B000609DB /* Base */ = {isa = PBXFileReference; lastKnownFileType = file.storyboard; name = Base; path = Base.lproj/Main.storyboard; sourceTree = "<group>"; };
		30E7AD201EE45F5B000609DB /* Base */ = {isa = PBXFileReference; lastKnownFileType = file.storyboard; name = Base; path = Base.lproj/LaunchScreen.storyboard; sourceTree = "<group>"; };
		30E7AD221EE45F5B000609DB /* Info.plist */ = {isa = PBXFileReference; lastKnownFileType = text.plist.xml; path = Info.plist; sourceTree = "<group>"; };
		30E7AD271EE45F5B000609DB /* ProjectTests.xctest */ = {isa = PBXFileReference; explicitFileType = wrapper.cfbundle; includeInIndex = 0; path = ProjectTests.xctest; sourceTree = BUILT_PRODUCTS_DIR; };
		30E7AD2B1EE45F5B000609DB /* ProjectTests.m */ = {isa = PBXFileReference; lastKnownFileType = sourcecode.c.objc; path = ProjectTests.m; sourceTree = "<group>"; };
		30E7AD2D1EE45F5B000609DB /* Info.plist */ = {isa = PBXFileReference; lastKnownFileType = text.plist.xml; path = Info.plist; sourceTree = "<group>"; };
		30E7AD321EE45F5B000609DB /* ProjectUITests.xctest */ = {isa = PBXFileReference; explicitFileType = wrapper.cfbundle; includeInIndex = 0; path = ProjectUITests.xctest; sourceTree = BUILT_PRODUCTS_DIR; };
		30E7AD361EE45F5B000609DB /* ProjectUITests.m */ = {isa = PBXFileReference; lastKnownFileType = sourcecode.c.objc; path = ProjectUITests.m; sourceTree = "<group>"; };
		30E7AD381EE45F5B000609DB /* Info.plist */ = {isa = PBXFileReference; lastKnownFileType = text.plist.xml; path = Info.plist; sourceTree = "<group>"; };
		56FC3416DFF9F64B508E4880 /* Pods-Project.debug.xcconfig */ = {isa = PBXFileReference; includeInIndex = 1; lastKnownFileType = text.xcconfig; name = "Pods-Project.debug.xcconfig"; path = "Pods/Target Support Files/Pods-Project/Pods-Project.debug.xcconfig"; sourceTree = "<group>"; };
		650694DF1DCFA996042890B9 /* Pods_Project.framework */ = {isa = PBXFileReference; explicitFileType = wrapper.framework; includeInIndex = 0; path = Pods_Project.framework; sourceTree = BUILT_PRODUCTS_DIR; };
/* End PBXFileReference section */

/* Begin PBXFrameworksBuildPhase section */
		30E7AD0B1EE45F5B000609DB /* Frameworks */ = {
			isa = PBXFrameworksBuildPhase;
			buildActionMask = 2147483647;
			files = (
				D954D468FC561B8034C2A96F /* Pods_Project.framework in Frameworks */,
			);
			runOnlyForDeploymentPostprocessing = 0;
		};
		30E7AD241EE45F5B000609DB /* Frameworks */ = {
			isa = PBXFrameworksBuildPhase;
			buildActionMask = 2147483647;
			files = (
			);
			runOnlyForDeploymentPostprocessing = 0;
		};
		30E7AD2F1EE45F5B000609DB /* Frameworks */ = {
			isa = PBXFrameworksBuildPhase;
			buildActionMask = 2147483647;
			files = (
			);
			runOnlyForDeploymentPostprocessing = 0;
		};
/* End PBXFrameworksBuildPhase section */

/* Begin PBXGroup section */
		19C4A7394FDA6A0397AA6E56 /* Frameworks */ = {
			isa = PBXGroup;
			children = (
				650694DF1DCFA996042890B9 /* Pods_Project.framework */,
			);
			name = Frameworks;
			sourceTree = "<group>";
		};
		30263D441EE6332A007B30C8 /* XBTableView */ = {
			isa = PBXGroup;
			children = (
				30263D481EE6340B007B30C8 /* XBBaseTableViewVC.h */,
				30263D491EE6340B007B30C8 /* XBBaseTableViewVC.m */,
				30263D471EE63358007B30C8 /* View */,
				30263D461EE63344007B30C8 /* Model */,
			);
			path = XBTableView;
			sourceTree = "<group>";
		};
		30263D461EE63344007B30C8 /* Model */ = {
			isa = PBXGroup;
			children = (
				30263D4B1EE634B1007B30C8 /* XBSettingGroup.h */,
				30263D4C1EE634B1007B30C8 /* XBSettingGroup.m */,
				30263D4E1EE634F9007B30C8 /* XBSettingItem.h */,
				30263D4F1EE634F9007B30C8 /* XBSettingItem.m */,
				30263D541EE635D1007B30C8 /* XBSwtichSettingItem.h */,
				30263D551EE635D1007B30C8 /* XBSwtichSettingItem.m */,
				30263D571EE635ED007B30C8 /* XBArrowSettingItem.h */,
				30263D581EE635ED007B30C8 /* XBArrowSettingItem.m */,
			);
			path = Model;
			sourceTree = "<group>";
		};
		30263D471EE63358007B30C8 /* View */ = {
			isa = PBXGroup;
			children = (
				30263D511EE63556007B30C8 /* XBSettingCell.h */,
				30263D521EE63556007B30C8 /* XBSettingCell.m */,
			);
			path = View;
			sourceTree = "<group>";
		};
		30263D5A1EE637A4007B30C8 /* Othre */ = {
			isa = PBXGroup;
			children = (
				30263D5C1EE637DB007B30C8 /* Category */,
			);
			path = Othre;
			sourceTree = "<group>";
		};
		30263D5C1EE637DB007B30C8 /* Category */ = {
			isa = PBXGroup;
			children = (
				30263D5D1EE63816007B30C8 /* UIImage+image.h */,
				30263D5E1EE63816007B30C8 /* UIImage+image.m */,
			);
			name = Category;
			path = Categoty;
			sourceTree = "<group>";
		};
		30A988511EE5564700D04924 /* Class */ = {
			isa = PBXGroup;
			children = (
				30263D5A1EE637A4007B30C8 /* Othre */,
				30A9886D1EE55D2D00D04924 /* Common */,
				30A988521EE5564700D04924 /* Discover */,
				30A988531EE5564700D04924 /* Home */,
				30A988541EE5564700D04924 /* OneYuanBuy */,
				30A988551EE5564700D04924 /* Person */,
				30A988561EE5564700D04924 /* ProjectBase */,
			);
			path = Class;
			sourceTree = "<group>";
		};
		30A988521EE5564700D04924 /* Discover */ = {
			isa = PBXGroup;
			children = (
				30A988631EE556E400D04924 /* DisViewController.h */,
				30A988641EE556E400D04924 /* DisViewController.m */,
				30DF95101EE69F78000261C8 /* DisContentController.h */,
				30DF95111EE69F78000261C8 /* DisContentController.m */,
				30DF95161EE6AFDC000261C8 /* View */,
				30DF950A1EE69202000261C8 /* Model */,
			);
			path = Discover;
			sourceTree = "<group>";
		};
		30A988531EE5564700D04924 /* Home */ = {
			isa = PBXGroup;
			children = (
				30A9885D1EE556A100D04924 /* HomeViewController.h */,
				30A9885E1EE556A100D04924 /* HomeViewController.m */,
			);
			path = Home;
			sourceTree = "<group>";
		};
		30A988541EE5564700D04924 /* OneYuanBuy */ = {
			isa = PBXGroup;
			children = (
				30A988691EE5570100D04924 /* OneBuyViewController.h */,
				30A9886A1EE5570100D04924 /* OneBuyViewController.m */,
			);
			path = OneYuanBuy;
			sourceTree = "<group>";
		};
		30A988551EE5564700D04924 /* Person */ = {
			isa = PBXGroup;
			children = (
				30A988661EE556F100D04924 /* PersonViewController.h */,
				30A988671EE556F100D04924 /* PersonViewController.m */,
			);
			path = Person;
			sourceTree = "<group>";
		};
		30A988561EE5564700D04924 /* ProjectBase */ = {
			isa = PBXGroup;
			children = (
				30A988571EE5566700D04924 /* XBTabBarController.h */,
				30A988581EE5566700D04924 /* XBTabBarController.m */,
				30DF951D1EE6BA36000261C8 /* XBTabBar */,
				30A9885A1EE5568800D04924 /* XBNavigationController.h */,
				30A9885B1EE5568800D04924 /* XBNavigationController.m */,
				30A988601EE556C000D04924 /* BaseViewController.h */,
				30A988611EE556C000D04924 /* BaseViewController.m */,
				30A9886E1EE562B600D04924 /* BaseWebViewController.h */,
				30A9886F1EE562B600D04924 /* BaseWebViewController.m */,
				30DF951A1EE6B322000261C8 /* XBBaseTableViewCell.h */,
				30DF951B1EE6B322000261C8 /* XBBaseTableViewCell.m */,
				30A988B41EE57F8E00D04924 /* XBRequestNetTool.h */,
				30A988B51EE57F8E00D04924 /* XBRequestNetTool.m */,
				30DF95071EE646CE000261C8 /* XBRequestModel.h */,
				30DF95081EE646CE000261C8 /* XBRequestModel.m */,
				30263D441EE6332A007B30C8 /* XBTableView */,
			);
			path = ProjectBase;
			sourceTree = "<group>";
		};
		30A9886D1EE55D2D00D04924 /* Common */ = {
			isa = PBXGroup;
			children = (
				30263D601EE63BD5007B30C8 /* XBUITool.h */,
				30263D611EE63BD5007B30C8 /* XBUITool.m */,
				30A988B01EE57D7A00D04924 /* XBControls */,
			);
			path = Common;
			sourceTree = "<group>";
		};
		30A988B01EE57D7A00D04924 /* XBControls */ = {
			isa = PBXGroup;
			children = (
				30A988B11EE57D7A00D04924 /* XBGuidePage.h */,
				30A988B21EE57D7A00D04924 /* XBGuidePage.m */,
			);
			path = XBControls;
			sourceTree = "<group>";
		};
		30DF950A1EE69202000261C8 /* Model */ = {
			isa = PBXGroup;
			children = (
				30DF950B1EE69476000261C8 /* Discover.json */,
				30DF950D1EE69860000261C8 /* DIscoverItem.h */,
				30DF950E1EE69860000261C8 /* DIscoverItem.m */,
				30DF95131EE6AA77000261C8 /* DisContentEntity.h */,
				30DF95141EE6AA77000261C8 /* DisContentEntity.m */,
			);
			path = Model;
			sourceTree = "<group>";
		};
		30DF95161EE6AFDC000261C8 /* View */ = {
			isa = PBXGroup;
			children = (
				30DF95171EE6B1BC000261C8 /* DisContentCell.h */,
				30DF95181EE6B1BC000261C8 /* DisContentCell.m */,
			);
			path = View;
			sourceTree = "<group>";
		};
		30DF951D1EE6BA36000261C8 /* XBTabBar */ = {
			isa = PBXGroup;
			children = (
				30DF951E1EE6BA4E000261C8 /* XBTabBar.h */,
				30DF951F1EE6BA4E000261C8 /* XBTabBar.m */,
				30DF95211EE6BAE8000261C8 /* XBTabBarButton.h */,
				30DF95221EE6BAE8000261C8 /* XBTabBarButton.m */,
			);
			path = XBTabBar;
			sourceTree = "<group>";
		};
		30E7AD051EE45F5B000609DB = {
			isa = PBXGroup;
			children = (
				30E7AD101EE45F5B000609DB /* Project */,
				30E7AD2A1EE45F5B000609DB /* ProjectTests */,
				30E7AD351EE45F5B000609DB /* ProjectUITests */,
				30E7AD0F1EE45F5B000609DB /* Products */,
				CD9A04D07DBC5A34B86495A5 /* Pods */,
				19C4A7394FDA6A0397AA6E56 /* Frameworks */,
			);
			sourceTree = "<group>";
		};
		30E7AD0F1EE45F5B000609DB /* Products */ = {
			isa = PBXGroup;
			children = (
				30E7AD0E1EE45F5B000609DB /* Project.app */,
				30E7AD271EE45F5B000609DB /* ProjectTests.xctest */,
				30E7AD321EE45F5B000609DB /* ProjectUITests.xctest */,
			);
			name = Products;
			sourceTree = "<group>";
		};
		30E7AD101EE45F5B000609DB /* Project */ = {
			isa = PBXGroup;
			children = (
				305592691EE4F06B00864E6E /* Project.entitlements */,
				30E7AD141EE45F5B000609DB /* AppDelegate.h */,
				30E7AD151EE45F5B000609DB /* AppDelegate.m */,
				30A988511EE5564700D04924 /* Class */,
				305592681EE4E58A00864E6E /* ProjectHeader.pch */,
				30E7AD1A1EE45F5B000609DB /* Main.storyboard */,
				30E7AD1F1EE45F5B000609DB /* LaunchScreen.storyboard */,
				30E7AD221EE45F5B000609DB /* Info.plist */,
				3055926C1EE4F9DF00864E6E /* Images.xcassets */,
				30E7AD111EE45F5B000609DB /* Supporting Files */,
			);
			path = Project;
			sourceTree = "<group>";
		};
		30E7AD111EE45F5B000609DB /* Supporting Files */ = {
			isa = PBXGroup;
			children = (
				30E7AD121EE45F5B000609DB /* main.m */,
			);
			name = "Supporting Files";
			sourceTree = "<group>";
		};
		30E7AD2A1EE45F5B000609DB /* ProjectTests */ = {
			isa = PBXGroup;
			children = (
				30E7AD2B1EE45F5B000609DB /* ProjectTests.m */,
				30E7AD2D1EE45F5B000609DB /* Info.plist */,
			);
			path = ProjectTests;
			sourceTree = "<group>";
		};
		30E7AD351EE45F5B000609DB /* ProjectUITests */ = {
			isa = PBXGroup;
			children = (
				30E7AD361EE45F5B000609DB /* ProjectUITests.m */,
				30E7AD381EE45F5B000609DB /* Info.plist */,
			);
			path = ProjectUITests;
			sourceTree = "<group>";
		};
		CD9A04D07DBC5A34B86495A5 /* Pods */ = {
			isa = PBXGroup;
			children = (
				56FC3416DFF9F64B508E4880 /* Pods-Project.debug.xcconfig */,
				061EE9EA6E7181AD71D1C79E /* Pods-Project.release.xcconfig */,
			);
			name = Pods;
			sourceTree = "<group>";
		};
/* End PBXGroup section */

/* Begin PBXNativeTarget section */
		30E7AD0D1EE45F5B000609DB /* Project */ = {
			isa = PBXNativeTarget;
			buildConfigurationList = 30E7AD3B1EE45F5B000609DB /* Build configuration list for PBXNativeTarget "Project" */;
			buildPhases = (
				BDBACE608AE7F81B951FFDEE /* [CP] Check Pods Manifest.lock */,
				30E7AD0A1EE45F5B000609DB /* Sources */,
				30E7AD0B1EE45F5B000609DB /* Frameworks */,
				30E7AD0C1EE45F5B000609DB /* Resources */,
				ED2A191272BB6986CAFB3C9C /* [CP] Embed Pods Frameworks */,
				D20EE8A4B5CDA475E6E44406 /* [CP] Copy Pods Resources */,
			);
			buildRules = (
			);
			dependencies = (
			);
			name = Project;
			productName = Project;
			productReference = 30E7AD0E1EE45F5B000609DB /* Project.app */;
			productType = "com.apple.product-type.application";
		};
		30E7AD261EE45F5B000609DB /* ProjectTests */ = {
			isa = PBXNativeTarget;
			buildConfigurationList = 30E7AD3E1EE45F5B000609DB /* Build configuration list for PBXNativeTarget "ProjectTests" */;
			buildPhases = (
				30E7AD231EE45F5B000609DB /* Sources */,
				30E7AD241EE45F5B000609DB /* Frameworks */,
				30E7AD251EE45F5B000609DB /* Resources */,
			);
			buildRules = (
			);
			dependencies = (
				30E7AD291EE45F5B000609DB /* PBXTargetDependency */,
			);
			name = ProjectTests;
			productName = ProjectTests;
			productReference = 30E7AD271EE45F5B000609DB /* ProjectTests.xctest */;
			productType = "com.apple.product-type.bundle.unit-test";
		};
		30E7AD311EE45F5B000609DB /* ProjectUITests */ = {
			isa = PBXNativeTarget;
			buildConfigurationList = 30E7AD411EE45F5B000609DB /* Build configuration list for PBXNativeTarget "ProjectUITests" */;
			buildPhases = (
				30E7AD2E1EE45F5B000609DB /* Sources */,
				30E7AD2F1EE45F5B000609DB /* Frameworks */,
				30E7AD301EE45F5B000609DB /* Resources */,
			);
			buildRules = (
			);
			dependencies = (
				30E7AD341EE45F5B000609DB /* PBXTargetDependency */,
			);
			name = ProjectUITests;
			productName = ProjectUITests;
			productReference = 30E7AD321EE45F5B000609DB /* ProjectUITests.xctest */;
			productType = "com.apple.product-type.bundle.ui-testing";
		};
/* End PBXNativeTarget section */

/* Begin PBXProject section */
		30E7AD061EE45F5B000609DB /* Project object */ = {
			isa = PBXProject;
			attributes = {
				LastUpgradeCheck = 0830;
				ORGANIZATIONNAME = zzl;
				TargetAttributes = {
					30E7AD0D1EE45F5B000609DB = {
						CreatedOnToolsVersion = 8.3;
						DevelopmentTeam = G7BTP3V7YL;
						ProvisioningStyle = Automatic;
						SystemCapabilities = {
							com.apple.BackgroundModes = {
								enabled = 1;
							};
							com.apple.Push = {
								enabled = 1;
							};
						};
					};
					30E7AD261EE45F5B000609DB = {
						CreatedOnToolsVersion = 8.3;
						ProvisioningStyle = Automatic;
						TestTargetID = 30E7AD0D1EE45F5B000609DB;
					};
					30E7AD311EE45F5B000609DB = {
						CreatedOnToolsVersion = 8.3;
						ProvisioningStyle = Automatic;
						TestTargetID = 30E7AD0D1EE45F5B000609DB;
					};
				};
			};
			buildConfigurationList = 30E7AD091EE45F5B000609DB /* Build configuration list for PBXProject "Project" */;
			compatibilityVersion = "Xcode 3.2";
			developmentRegion = English;
			hasScannedForEncodings = 0;
			knownRegions = (
				en,
				Base,
			);
			mainGroup = 30E7AD051EE45F5B000609DB;
			productRefGroup = 30E7AD0F1EE45F5B000609DB /* Products */;
			projectDirPath = "";
			projectRoot = "";
			targets = (
				30E7AD0D1EE45F5B000609DB /* Project */,
				30E7AD261EE45F5B000609DB /* ProjectTests */,
				30E7AD311EE45F5B000609DB /* ProjectUITests */,
			);
		};
/* End PBXProject section */

/* Begin PBXResourcesBuildPhase section */
		30E7AD0C1EE45F5B000609DB /* Resources */ = {
			isa = PBXResourcesBuildPhase;
			buildActionMask = 2147483647;
			files = (
				30DF950C1EE69476000261C8 /* Discover.json in Resources */,
				30E7AD211EE45F5B000609DB /* LaunchScreen.storyboard in Resources */,
				3055926D1EE4F9DF00864E6E /* Images.xcassets in Resources */,
				30E7AD1C1EE45F5B000609DB /* Main.storyboard in Resources */,
			);
			runOnlyForDeploymentPostprocessing = 0;
		};
		30E7AD251EE45F5B000609DB /* Resources */ = {
			isa = PBXResourcesBuildPhase;
			buildActionMask = 2147483647;
			files = (
			);
			runOnlyForDeploymentPostprocessing = 0;
		};
		30E7AD301EE45F5B000609DB /* Resources */ = {
			isa = PBXResourcesBuildPhase;
			buildActionMask = 2147483647;
			files = (
			);
			runOnlyForDeploymentPostprocessing = 0;
		};
/* End PBXResourcesBuildPhase section */

/* Begin PBXShellScriptBuildPhase section */
		BDBACE608AE7F81B951FFDEE /* [CP] Check Pods Manifest.lock */ = {
			isa = PBXShellScriptBuildPhase;
			buildActionMask = 2147483647;
			files = (
			);
			inputPaths = (
			);
			name = "[CP] Check Pods Manifest.lock";
			outputPaths = (
			);
			runOnlyForDeploymentPostprocessing = 0;
			shellPath = /bin/sh;
			shellScript = "diff \"${PODS_PODFILE_DIR_PATH}/Podfile.lock\" \"${PODS_ROOT}/Manifest.lock\" > /dev/null\nif [ $? != 0 ] ; then\n    # print error to STDERR\n    echo \"error: The sandbox is not in sync with the Podfile.lock. Run 'pod install' or update your CocoaPods installation.\" >&2\n    exit 1\nfi\n";
			showEnvVarsInLog = 0;
		};
		D20EE8A4B5CDA475E6E44406 /* [CP] Copy Pods Resources */ = {
			isa = PBXShellScriptBuildPhase;
			buildActionMask = 2147483647;
			files = (
			);
			inputPaths = (
			);
			name = "[CP] Copy Pods Resources";
			outputPaths = (
			);
			runOnlyForDeploymentPostprocessing = 0;
			shellPath = /bin/sh;
			shellScript = "\"${SRCROOT}/Pods/Target Support Files/Pods-Project/Pods-Project-resources.sh\"\n";
			showEnvVarsInLog = 0;
		};
		ED2A191272BB6986CAFB3C9C /* [CP] Embed Pods Frameworks */ = {
			isa = PBXShellScriptBuildPhase;
			buildActionMask = 2147483647;
			files = (
			);
			inputPaths = (
			);
			name = "[CP] Embed Pods Frameworks";
			outputPaths = (
			);
			runOnlyForDeploymentPostprocessing = 0;
			shellPath = /bin/sh;
			shellScript = "\"${SRCROOT}/Pods/Target Support Files/Pods-Project/Pods-Project-frameworks.sh\"\n";
			showEnvVarsInLog = 0;
		};
/* End PBXShellScriptBuildPhase section */

/* Begin PBXSourcesBuildPhase section */
		30E7AD0A1EE45F5B000609DB /* Sources */ = {
			isa = PBXSourcesBuildPhase;
			buildActionMask = 2147483647;
			files = (
				30DF951C1EE6B322000261C8 /* XBBaseTableViewCell.m in Sources */,
				30A988591EE5566700D04924 /* XBTabBarController.m in Sources */,
				30263D4A1EE6340B007B30C8 /* XBBaseTableViewVC.m in Sources */,
				30263D531EE63556007B30C8 /* XBSettingCell.m in Sources */,
				30263D5F1EE63816007B30C8 /* UIImage+image.m in Sources */,
				30A988B61EE57F8E00D04924 /* XBRequestNetTool.m in Sources */,
				30DF95121EE69F78000261C8 /* DisContentController.m in Sources */,
				30263D561EE635D1007B30C8 /* XBSwtichSettingItem.m in Sources */,
				30DF95091EE646CE000261C8 /* XBRequestModel.m in Sources */,
				30A9885C1EE5568800D04924 /* XBNavigationController.m in Sources */,
				30E7AD161EE45F5B000609DB /* AppDelegate.m in Sources */,
				30E7AD131EE45F5B000609DB /* main.m in Sources */,
				30A988681EE556F100D04924 /* PersonViewController.m in Sources */,
				30263D591EE635ED007B30C8 /* XBArrowSettingItem.m in Sources */,
				30DF95151EE6AA77000261C8 /* DisContentEntity.m in Sources */,
				30A9886B1EE5570100D04924 /* OneBuyViewController.m in Sources */,
				30DF950F1EE69860000261C8 /* DIscoverItem.m in Sources */,
				30DF95231EE6BAE8000261C8 /* XBTabBarButton.m in Sources */,
				30A988701EE562B600D04924 /* BaseWebViewController.m in Sources */,
				30DF95191EE6B1BC000261C8 /* DisContentCell.m in Sources */,
				30A988651EE556E400D04924 /* DisViewController.m in Sources */,
				30A988B31EE57D7A00D04924 /* XBGuidePage.m in Sources */,
				30DF95201EE6BA4E000261C8 /* XBTabBar.m in Sources */,
				30263D621EE63BD5007B30C8 /* XBUITool.m in Sources */,
				30A988621EE556C000D04924 /* BaseViewController.m in Sources */,
				30263D501EE634F9007B30C8 /* XBSettingItem.m in Sources */,
				30263D4D1EE634B1007B30C8 /* XBSettingGroup.m in Sources */,
				30A9885F1EE556A100D04924 /* HomeViewController.m in Sources */,
			);
			runOnlyForDeploymentPostprocessing = 0;
		};
		30E7AD231EE45F5B000609DB /* Sources */ = {
			isa = PBXSourcesBuildPhase;
			buildActionMask = 2147483647;
			files = (
				30E7AD2C1EE45F5B000609DB /* ProjectTests.m in Sources */,
			);
			runOnlyForDeploymentPostprocessing = 0;
		};
		30E7AD2E1EE45F5B000609DB /* Sources */ = {
			isa = PBXSourcesBuildPhase;
			buildActionMask = 2147483647;
			files = (
				30E7AD371EE45F5B000609DB /* ProjectUITests.m in Sources */,
			);
			runOnlyForDeploymentPostprocessing = 0;
		};
/* End PBXSourcesBuildPhase section */

/* Begin PBXTargetDependency section */
		30E7AD291EE45F5B000609DB /* PBXTargetDependency */ = {
			isa = PBXTargetDependency;
			target = 30E7AD0D1EE45F5B000609DB /* Project */;
			targetProxy = 30E7AD281EE45F5B000609DB /* PBXContainerItemProxy */;
		};
		30E7AD341EE45F5B000609DB /* PBXTargetDependency */ = {
			isa = PBXTargetDependency;
			target = 30E7AD0D1EE45F5B000609DB /* Project */;
			targetProxy = 30E7AD331EE45F5B000609DB /* PBXContainerItemProxy */;
		};
/* End PBXTargetDependency section */

/* Begin PBXVariantGroup section */
		30E7AD1A1EE45F5B000609DB /* Main.storyboard */ = {
			isa = PBXVariantGroup;
			children = (
				30E7AD1B1EE45F5B000609DB /* Base */,
			);
			name = Main.storyboard;
			sourceTree = "<group>";
		};
		30E7AD1F1EE45F5B000609DB /* LaunchScreen.storyboard */ = {
			isa = PBXVariantGroup;
			children = (
				30E7AD201EE45F5B000609DB /* Base */,
			);
			name = LaunchScreen.storyboard;
			sourceTree = "<group>";
		};
/* End PBXVariantGroup section */

/* Begin XCBuildConfiguration section */
		30E7AD391EE45F5B000609DB /* Debug */ = {
			isa = XCBuildConfiguration;
			buildSettings = {
				ALWAYS_SEARCH_USER_PATHS = NO;
				CLANG_ANALYZER_NONNULL = YES;
				CLANG_ANALYZER_NUMBER_OBJECT_CONVERSION = YES_AGGRESSIVE;
				CLANG_CXX_LANGUAGE_STANDARD = "gnu++0x";
				CLANG_CXX_LIBRARY = "libc++";
				CLANG_ENABLE_MODULES = YES;
				CLANG_ENABLE_OBJC_ARC = YES;
				CLANG_WARN_BOOL_CONVERSION = YES;
				CLANG_WARN_CONSTANT_CONVERSION = YES;
				CLANG_WARN_DIRECT_OBJC_ISA_USAGE = YES_ERROR;
				CLANG_WARN_DOCUMENTATION_COMMENTS = YES;
				CLANG_WARN_EMPTY_BODY = YES;
				CLANG_WARN_ENUM_CONVERSION = YES;
				CLANG_WARN_INFINITE_RECURSION = YES;
				CLANG_WARN_INT_CONVERSION = YES;
				CLANG_WARN_OBJC_ROOT_CLASS = YES_ERROR;
				CLANG_WARN_SUSPICIOUS_MOVE = YES;
				CLANG_WARN_UNREACHABLE_CODE = YES;
				CLANG_WARN__DUPLICATE_METHOD_MATCH = YES;
				"CODE_SIGN_IDENTITY[sdk=iphoneos*]" = "iPhone Developer";
				COPY_PHASE_STRIP = NO;
				DEBUG_INFORMATION_FORMAT = dwarf;
				ENABLE_STRICT_OBJC_MSGSEND = YES;
				ENABLE_TESTABILITY = YES;
				GCC_C_LANGUAGE_STANDARD = gnu99;
				GCC_DYNAMIC_NO_PIC = NO;
				GCC_NO_COMMON_BLOCKS = YES;
				GCC_OPTIMIZATION_LEVEL = 0;
				GCC_PREPROCESSOR_DEFINITIONS = (
					"DEBUG=1",
					"$(inherited)",
				);
				GCC_WARN_64_TO_32_BIT_CONVERSION = YES;
				GCC_WARN_ABOUT_RETURN_TYPE = YES_ERROR;
				GCC_WARN_UNDECLARED_SELECTOR = YES;
				GCC_WARN_UNINITIALIZED_AUTOS = YES_AGGRESSIVE;
				GCC_WARN_UNUSED_FUNCTION = YES;
				GCC_WARN_UNUSED_VARIABLE = YES;
				IPHONEOS_DEPLOYMENT_TARGET = 10.3;
				MTL_ENABLE_DEBUG_INFO = YES;
				ONLY_ACTIVE_ARCH = YES;
				SDKROOT = iphoneos;
				TARGETED_DEVICE_FAMILY = "1,2";
			};
			name = Debug;
		};
		30E7AD3A1EE45F5B000609DB /* Release */ = {
			isa = XCBuildConfiguration;
			buildSettings = {
				ALWAYS_SEARCH_USER_PATHS = NO;
				CLANG_ANALYZER_NONNULL = YES;
				CLANG_ANALYZER_NUMBER_OBJECT_CONVERSION = YES_AGGRESSIVE;
				CLANG_CXX_LANGUAGE_STANDARD = "gnu++0x";
				CLANG_CXX_LIBRARY = "libc++";
				CLANG_ENABLE_MODULES = YES;
				CLANG_ENABLE_OBJC_ARC = YES;
				CLANG_WARN_BOOL_CONVERSION = YES;
				CLANG_WARN_CONSTANT_CONVERSION = YES;
				CLANG_WARN_DIRECT_OBJC_ISA_USAGE = YES_ERROR;
				CLANG_WARN_DOCUMENTATION_COMMENTS = YES;
				CLANG_WARN_EMPTY_BODY = YES;
				CLANG_WARN_ENUM_CONVERSION = YES;
				CLANG_WARN_INFINITE_RECURSION = YES;
				CLANG_WARN_INT_CONVERSION = YES;
				CLANG_WARN_OBJC_ROOT_CLASS = YES_ERROR;
				CLANG_WARN_SUSPICIOUS_MOVE = YES;
				CLANG_WARN_UNREACHABLE_CODE = YES;
				CLANG_WARN__DUPLICATE_METHOD_MATCH = YES;
				"CODE_SIGN_IDENTITY[sdk=iphoneos*]" = "iPhone Developer";
				COPY_PHASE_STRIP = NO;
				DEBUG_INFORMATION_FORMAT = "dwarf-with-dsym";
				ENABLE_NS_ASSERTIONS = NO;
				ENABLE_STRICT_OBJC_MSGSEND = YES;
				GCC_C_LANGUAGE_STANDARD = gnu99;
				GCC_NO_COMMON_BLOCKS = YES;
				GCC_WARN_64_TO_32_BIT_CONVERSION = YES;
				GCC_WARN_ABOUT_RETURN_TYPE = YES_ERROR;
				GCC_WARN_UNDECLARED_SELECTOR = YES;
				GCC_WARN_UNINITIALIZED_AUTOS = YES_AGGRESSIVE;
				GCC_WARN_UNUSED_FUNCTION = YES;
				GCC_WARN_UNUSED_VARIABLE = YES;
				IPHONEOS_DEPLOYMENT_TARGET = 10.3;
				MTL_ENABLE_DEBUG_INFO = NO;
				SDKROOT = iphoneos;
				TARGETED_DEVICE_FAMILY = "1,2";
				VALIDATE_PRODUCT = YES;
			};
			name = Release;
		};
		30E7AD3C1EE45F5B000609DB /* Debug */ = {
			isa = XCBuildConfiguration;
			baseConfigurationReference = 56FC3416DFF9F64B508E4880 /* Pods-Project.debug.xcconfig */;
			buildSettings = {
				ASSETCATALOG_COMPILER_APPICON_NAME = AppIcon;
				CODE_SIGN_ENTITLEMENTS = Project/Project.entitlements;
				DEVELOPMENT_TEAM = G7BTP3V7YL;
				GCC_PREFIX_HEADER = "$(SRCROOT)/Project/ProjectHeader.pch";
				INFOPLIST_FILE = Project/Info.plist;
				IPHONEOS_DEPLOYMENT_TARGET = 8.0;
				LD_RUNPATH_SEARCH_PATHS = "$(inherited) @executable_path/Frameworks";
				PRODUCT_BUNDLE_IDENTIFIER = com.Test.GoodLuck;
				PRODUCT_NAME = "$(TARGET_NAME)";
				USER_HEADER_SEARCH_PATHS = "${SRCROOT}/**";
			};
			name = Debug;
		};
		30E7AD3D1EE45F5B000609DB /* Release */ = {
			isa = XCBuildConfiguration;
			baseConfigurationReference = 061EE9EA6E7181AD71D1C79E /* Pods-Project.release.xcconfig */;
			buildSettings = {
				ASSETCATALOG_COMPILER_APPICON_NAME = AppIcon;
				CODE_SIGN_ENTITLEMENTS = Project/Project.entitlements;
				DEVELOPMENT_TEAM = G7BTP3V7YL;
				GCC_PREFIX_HEADER = "$(SRCROOT)/Project/ProjectHeader.pch";
				INFOPLIST_FILE = Project/Info.plist;
				IPHONEOS_DEPLOYMENT_TARGET = 8.0;
				LD_RUNPATH_SEARCH_PATHS = "$(inherited) @executable_path/Frameworks";
				PRODUCT_BUNDLE_IDENTIFIER = com.Test.GoodLuck;
				PRODUCT_NAME = "$(TARGET_NAME)";
				USER_HEADER_SEARCH_PATHS = "${SRCROOT}/**";
			};
			name = Release;
		};
		30E7AD3F1EE45F5B000609DB /* Debug */ = {
			isa = XCBuildConfiguration;
			buildSettings = {
				BUNDLE_LOADER = "$(TEST_HOST)";
				INFOPLIST_FILE = ProjectTests/Info.plist;
				LD_RUNPATH_SEARCH_PATHS = "$(inherited) @executable_path/Frameworks @loader_path/Frameworks";
				PRODUCT_BUNDLE_IDENTIFIER = jushTest.ProjectTests;
				PRODUCT_NAME = "$(TARGET_NAME)";
				TEST_HOST = "$(BUILT_PRODUCTS_DIR)/Project.app/Project";
			};
			name = Debug;
		};
		30E7AD401EE45F5B000609DB /* Release */ = {
			isa = XCBuildConfiguration;
			buildSettings = {
				BUNDLE_LOADER = "$(TEST_HOST)";
				INFOPLIST_FILE = ProjectTests/Info.plist;
				LD_RUNPATH_SEARCH_PATHS = "$(inherited) @executable_path/Frameworks @loader_path/Frameworks";
				PRODUCT_BUNDLE_IDENTIFIER = jushTest.ProjectTests;
				PRODUCT_NAME = "$(TARGET_NAME)";
				TEST_HOST = "$(BUILT_PRODUCTS_DIR)/Project.app/Project";
			};
			name = Release;
		};
		30E7AD421EE45F5B000609DB /* Debug */ = {
			isa = XCBuildConfiguration;
			buildSettings = {
				INFOPLIST_FILE = ProjectUITests/Info.plist;
				LD_RUNPATH_SEARCH_PATHS = "$(inherited) @executable_path/Frameworks @loader_path/Frameworks";
				PRODUCT_BUNDLE_IDENTIFIER = jushTest.ProjectUITests;
				PRODUCT_NAME = "$(TARGET_NAME)";
				TEST_TARGET_NAME = Project;
			};
			name = Debug;
		};
		30E7AD431EE45F5B000609DB /* Release */ = {
			isa = XCBuildConfiguration;
			buildSettings = {
				INFOPLIST_FILE = ProjectUITests/Info.plist;
				LD_RUNPATH_SEARCH_PATHS = "$(inherited) @executable_path/Frameworks @loader_path/Frameworks";
				PRODUCT_BUNDLE_IDENTIFIER = jushTest.ProjectUITests;
				PRODUCT_NAME = "$(TARGET_NAME)";
				TEST_TARGET_NAME = Project;
			};
			name = Release;
		};
/* End XCBuildConfiguration section */

/* Begin XCConfigurationList section */
		30E7AD091EE45F5B000609DB /* Build configuration list for PBXProject "Project" */ = {
			isa = XCConfigurationList;
			buildConfigurations = (
				30E7AD391EE45F5B000609DB /* Debug */,
				30E7AD3A1EE45F5B000609DB /* Release */,
			);
			defaultConfigurationIsVisible = 0;
			defaultConfigurationName = Release;
		};
		30E7AD3B1EE45F5B000609DB /* Build configuration list for PBXNativeTarget "Project" */ = {
			isa = XCConfigurationList;
			buildConfigurations = (
				30E7AD3C1EE45F5B000609DB /* Debug */,
				30E7AD3D1EE45F5B000609DB /* Release */,
			);
			defaultConfigurationIsVisible = 0;
			defaultConfigurationName = Release;
		};
		30E7AD3E1EE45F5B000609DB /* Build configuration list for PBXNativeTarget "ProjectTests" */ = {
			isa = XCConfigurationList;
			buildConfigurations = (
				30E7AD3F1EE45F5B000609DB /* Debug */,
				30E7AD401EE45F5B000609DB /* Release */,
			);
			defaultConfigurationIsVisible = 0;
			defaultConfigurationName = Release;
		};
		30E7AD411EE45F5B000609DB /* Build configuration list for PBXNativeTarget "ProjectUITests" */ = {
			isa = XCConfigurationList;
			buildConfigurations = (
				30E7AD421EE45F5B000609DB /* Debug */,
				30E7AD431EE45F5B000609DB /* Release */,
			);
			defaultConfigurationIsVisible = 0;
			defaultConfigurationName = Release;
		};
/* End XCConfigurationList section */
	};
	rootObject = 30E7AD061EE45F5B000609DB /* Project object */;
}
