// !$*UTF8*$!
{
	archiveVersion = 1;
	classes = {
	};
	objectVersion = 46;
	objects = {

/* Begin PBXBuildFile section */
		30E7AD131EE45F5B000609DB /* main.m in Sources */ = {isa = PBXBuildFile; fileRef = 30E7AD121EE45F5B000609DB /* main.m */; };
		30E7AD161EE45F5B000609DB /* AppDelegate.m in Sources */ = {isa = PBXBuildFile; fileRef = 30E7AD151EE45F5B000609DB /* AppDelegate.m */; };
		30E7AD191EE45F5B000609DB /* ViewController.m in Sources */ = {isa = PBXBuildFile; fileRef = 30E7AD181EE45F5B000609DB /* ViewController.m */; };
		30E7AD1C1EE45F5B000609DB /* Main.storyboard in Resources */ = {isa = PBXBuildFile; fileRef = 30E7AD1A1EE45F5B000609DB /* Main.storyboard */; };
		30E7AD1E1EE45F5B000609DB /* Assets.xcassets in Resources */ = {isa = PBXBuildFile; fileRef = 30E7AD1D1EE45F5B000609DB /* Assets.xcassets */; };
		30E7AD211EE45F5B000609DB /* LaunchScreen.storyboard in Resources */ = {isa = PBXBuildFile; fileRef = 30E7AD1F1EE45F5B000609DB /* LaunchScreen.storyboard */; };
		30E7AD2C1EE45F5B000609DB /* ProjectTests.m in Sources */ = {isa = PBXBuildFile; fileRef = 30E7AD2B1EE45F5B000609DB /* ProjectTests.m */; };
		30E7AD371EE45F5B000609DB /* ProjectUITests.m in Sources */ = {isa = PBXBuildFile; fileRef = 30E7AD361EE45F5B000609DB /* ProjectUITests.m */; };
		D954D468FC561B8034C2A96F /* Pods_Project.framework in Frameworks */ = {isa = PBXBuildFile; fileRef = 650694DF1DCFA996042890B9 /* Pods_Project.framework */; };
/* End PBXBuildFile section */

/* Begin PBXContainerItemProxy section */
		30E7AD281EE45F5B000609DB /* PBXContainerItemProxy */ = {
			isa = PBXContainerItemProxy;
			containerPortal = 30E7AD061EE45F5B000609DB /* Project object */;
			proxyType = 1;
			remoteGlobalIDString = 30E7AD0D1EE45F5B000609DB;
			remoteInfo = Project;
		};
		30E7AD331EE45F5B000609DB /* PBXContainerItemProxy */ = {
			isa = PBXContainerItemProxy;
			containerPortal = 30E7AD061EE45F5B000609DB /* Project object */;
			proxyType = 1;
			remoteGlobalIDString = 30E7AD0D1EE45F5B000609DB;
			remoteInfo = Project;
		};
/* End PBXContainerItemProxy section */

/* Begin PBXFileReference section */
		061EE9EA6E7181AD71D1C79E /* Pods-Project.release.xcconfig */ = {isa = PBXFileReference; includeInIndex = 1; lastKnownFileType = text.xcconfig; name = "Pods-Project.release.xcconfig"; path = "Pods/Target Support Files/Pods-Project/Pods-Project.release.xcconfig"; sourceTree = "<group>"; };
		305592681EE4E58A00864E6E /* ProjectHeader.pch */ = {isa = PBXFileReference; lastKnownFileType = sourcecode.c.h; path = ProjectHeader.pch; sourceTree = "<group>"; };
		30E7AD0E1EE45F5B000609DB /* Project.app */ = {isa = PBXFileReference; explicitFileType = wrapper.application; includeInIndex = 0; path = Project.app; sourceTree = BUILT_PRODUCTS_DIR; };
		30E7AD121EE45F5B000609DB /* main.m */ = {isa = PBXFileReference; lastKnownFileType = sourcecode.c.objc; path = main.m; sourceTree = "<group>"; };
		30E7AD141EE45F5B000609DB /* AppDelegate.h */ = {isa = PBXFileReference; lastKnownFileType = sourcecode.c.h; path = AppDelegate.h; sourceTree = "<group>"; };
		30E7AD151EE45F5B000609DB /* AppDelegate.m */ = {isa = PBXFileReference; lastKnownFileType = sourcecode.c.objc; path = AppDelegate.m; sourceTree = "<group>"; };
		30E7AD171EE45F5B000609DB /* ViewController.h */ = {isa = PBXFileReference; lastKnownFileType = sourcecode.c.h; path = ViewController.h; sourceTree = "<group>"; };
		30E7AD181EE45F5B000609DB /* ViewController.m */ = {isa = PBXFileReference; lastKnownFileType = sourcecode.c.objc; path = ViewController.m; sourceTree = "<group>"; };
		30E7AD1B1EE45F5B000609DB /* Base */ = {isa = PBXFileReference; lastKnownFileType = file.storyboard; name = Base; path = Base.lproj/Main.storyboard; sourceTree = "<group>"; };
		30E7AD1D1EE45F5B000609DB /* Assets.xcassets */ = {isa = PBXFileReference; lastKnownFileType = folder.assetcatalog; path = Assets.xcassets; sourceTree = "<group>"; };
		30E7AD201EE45F5B000609DB /* Base */ = {isa = PBXFileReference; lastKnownFileType = file.storyboard; name = Base; path = Base.lproj/LaunchScreen.storyboard; sourceTree = "<group>"; };
		30E7AD221EE45F5B000609DB /* Info.plist */ = {isa = PBXFileReference; lastKnownFileType = text.plist.xml; path = Info.plist; sourceTree = "<group>"; };
		30E7AD271EE45F5B000609DB /* ProjectTests.xctest */ = {isa = PBXFileReference; explicitFileType = wrapper.cfbundle; includeInIndex = 0; path = ProjectTests.xctest; sourceTree = BUILT_PRODUCTS_DIR; };
		30E7AD2B1EE45F5B000609DB /* ProjectTests.m */ = {isa = PBXFileReference; lastKnownFileType = sourcecode.c.objc; path = ProjectTests.m; sourceTree = "<group>"; };
		30E7AD2D1EE45F5B000609DB /* Info.plist */ = {isa = PBXFileReference; lastKnownFileType = text.plist.xml; path = Info.plist; sourceTree = "<group>"; };
		30E7AD321EE45F5B000609DB /* ProjectUITests.xctest */ = {isa = PBXFileReference; explicitFileType = wrapper.cfbundle; includeInIndex = 0; path = ProjectUITests.xctest; sourceTree = BUILT_PRODUCTS_DIR; };
		30E7AD361EE45F5B000609DB /* ProjectUITests.m */ = {isa = PBXFileReference; lastKnownFileType = sourcecode.c.objc; path = ProjectUITests.m; sourceTree = "<group>"; };
		30E7AD381EE45F5B000609DB /* Info.plist */ = {isa = PBXFileReference; lastKnownFileType = text.plist.xml; path = Info.plist; sourceTree = "<group>"; };
		56FC3416DFF9F64B508E4880 /* Pods-Project.debug.xcconfig */ = {isa = PBXFileReference; includeInIndex = 1; lastKnownFileType = text.xcconfig; name = "Pods-Project.debug.xcconfig"; path = "Pods/Target Support Files/Pods-Project/Pods-Project.debug.xcconfig"; sourceTree = "<group>"; };
		650694DF1DCFA996042890B9 /* Pods_Project.framework */ = {isa = PBXFileReference; explicitFileType = wrapper.framework; includeInIndex = 0; path = Pods_Project.framework; sourceTree = BUILT_PRODUCTS_DIR; };
/* End PBXFileReference section */

/* Begin PBXFrameworksBuildPhase section */
		30E7AD0B1EE45F5B000609DB /* Frameworks */ = {
			isa = PBXFrameworksBuildPhase;
			buildActionMask = 2147483647;
			files = (
				D954D468FC561B8034C2A96F /* Pods_Project.framework in Frameworks */,
			);
			runOnlyForDeploymentPostprocessing = 0;
		};
		30E7AD241EE45F5B000609DB /* Frameworks */ = {
			isa = PBXFrameworksBuildPhase;
			buildActionMask = 2147483647;
			files = (
			);
			runOnlyForDeploymentPostprocessing = 0;
		};
		30E7AD2F1EE45F5B000609DB /* Frameworks */ = {
			isa = PBXFrameworksBuildPhase;
			buildActionMask = 2147483647;
			files = (
			);
			runOnlyForDeploymentPostprocessing = 0;
		};
/* End PBXFrameworksBuildPhase section */

/* Begin PBXGroup section */
		19C4A7394FDA6A0397AA6E56 /* Frameworks */ = {
			isa = PBXGroup;
			children = (
				650694DF1DCFA996042890B9 /* Pods_Project.framework */,
			);
			name = Frameworks;
			sourceTree = "<group>";
		};
		30E7AD051EE45F5B000609DB = {
			isa = PBXGroup;
			children = (
				30E7AD101EE45F5B000609DB /* Project */,
				30E7AD2A1EE45F5B000609DB /* ProjectTests */,
				30E7AD351EE45F5B000609DB /* ProjectUITests */,
				30E7AD0F1EE45F5B000609DB /* Products */,
				CD9A04D07DBC5A34B86495A5 /* Pods */,
				19C4A7394FDA6A0397AA6E56 /* Frameworks */,
			);
			sourceTree = "<group>";
		};
		30E7AD0F1EE45F5B000609DB /* Products */ = {
			isa = PBXGroup;
			children = (
				30E7AD0E1EE45F5B000609DB /* Project.app */,
				30E7AD271EE45F5B000609DB /* ProjectTests.xctest */,
				30E7AD321EE45F5B000609DB /* ProjectUITests.xctest */,
			);
			name = Products;
			sourceTree = "<group>";
		};
		30E7AD101EE45F5B000609DB /* Project */ = {
			isa = PBXGroup;
			children = (
				30E7AD141EE45F5B000609DB /* AppDelegate.h */,
				30E7AD151EE45F5B000609DB /* AppDelegate.m */,
				30E7AD171EE45F5B000609DB /* ViewController.h */,
				30E7AD181EE45F5B000609DB /* ViewController.m */,
				305592681EE4E58A00864E6E /* ProjectHeader.pch */,
				30E7AD1A1EE45F5B000609DB /* Main.storyboard */,
				30E7AD1D1EE45F5B000609DB /* Assets.xcassets */,
				30E7AD1F1EE45F5B000609DB /* LaunchScreen.storyboard */,
				30E7AD221EE45F5B000609DB /* Info.plist */,
				30E7AD111EE45F5B000609DB /* Supporting Files */,
			);
			path = Project;
			sourceTree = "<group>";
		};
		30E7AD111EE45F5B000609DB /* Supporting Files */ = {
			isa = PBXGroup;
			children = (
				30E7AD121EE45F5B000609DB /* main.m */,
			);
			name = "Supporting Files";
			sourceTree = "<group>";
		};
		30E7AD2A1EE45F5B000609DB /* ProjectTests */ = {
			isa = PBXGroup;
			children = (
				30E7AD2B1EE45F5B000609DB /* ProjectTests.m */,
				30E7AD2D1EE45F5B000609DB /* Info.plist */,
			);
			path = ProjectTests;
			sourceTree = "<group>";
		};
		30E7AD351EE45F5B000609DB /* ProjectUITests */ = {
			isa = PBXGroup;
			children = (
				30E7AD361EE45F5B000609DB /* ProjectUITests.m */,
				30E7AD381EE45F5B000609DB /* Info.plist */,
			);
			path = ProjectUITests;
			sourceTree = "<group>";
		};
		CD9A04D07DBC5A34B86495A5 /* Pods */ = {
			isa = PBXGroup;
			children = (
				56FC3416DFF9F64B508E4880 /* Pods-Project.debug.xcconfig */,
				061EE9EA6E7181AD71D1C79E /* Pods-Project.release.xcconfig */,
			);
			name = Pods;
			sourceTree = "<group>";
		};
/* End PBXGroup section */

/* Begin PBXNativeTarget section */
		30E7AD0D1EE45F5B000609DB /* Project */ = {
			isa = PBXNativeTarget;
			buildConfigurationList = 30E7AD3B1EE45F5B000609DB /* Build configuration list for PBXNativeTarget "Project" */;
			buildPhases = (
				BDBACE608AE7F81B951FFDEE /* [CP] Check Pods Manifest.lock */,
				30E7AD0A1EE45F5B000609DB /* Sources */,
				30E7AD0B1EE45F5B000609DB /* Frameworks */,
				30E7AD0C1EE45F5B000609DB /* Resources */,
				ED2A191272BB6986CAFB3C9C /* [CP] Embed Pods Frameworks */,
				D20EE8A4B5CDA475E6E44406 /* [CP] Copy Pods Resources */,
			);
			buildRules = (
			);
			dependencies = (
			);
			name = Project;
			productName = Project;
			productReference = 30E7AD0E1EE45F5B000609DB /* Project.app */;
			productType = "com.apple.product-type.application";
		};
		30E7AD261EE45F5B000609DB /* ProjectTests */ = {
			isa = PBXNativeTarget;
			buildConfigurationList = 30E7AD3E1EE45F5B000609DB /* Build configuration list for PBXNativeTarget "ProjectTests" */;
			buildPhases = (
				30E7AD231EE45F5B000609DB /* Sources */,
				30E7AD241EE45F5B000609DB /* Frameworks */,
				30E7AD251EE45F5B000609DB /* Resources */,
			);
			buildRules = (
			);
			dependencies = (
				30E7AD291EE45F5B000609DB /* PBXTargetDependency */,
			);
			name = ProjectTests;
			productName = ProjectTests;
			productReference = 30E7AD271EE45F5B000609DB /* ProjectTests.xctest */;
			productType = "com.apple.product-type.bundle.unit-test";
		};
		30E7AD311EE45F5B000609DB /* ProjectUITests */ = {
			isa = PBXNativeTarget;
			buildConfigurationList = 30E7AD411EE45F5B000609DB /* Build configuration list for PBXNativeTarget "ProjectUITests" */;
			buildPhases = (
				30E7AD2E1EE45F5B000609DB /* Sources */,
				30E7AD2F1EE45F5B000609DB /* Frameworks */,
				30E7AD301EE45F5B000609DB /* Resources */,
			);
			buildRules = (
			);
			dependencies = (
				30E7AD341EE45F5B000609DB /* PBXTargetDependency */,
			);
			name = ProjectUITests;
			productName = ProjectUITests;
			productReference = 30E7AD321EE45F5B000609DB /* ProjectUITests.xctest */;
			productType = "com.apple.product-type.bundle.ui-testing";
		};
/* End PBXNativeTarget section */

/* Begin PBXProject section */
		30E7AD061EE45F5B000609DB /* Project object */ = {
			isa = PBXProject;
			attributes = {
				LastUpgradeCheck = 0830;
				ORGANIZATIONNAME = zzl;
				TargetAttributes = {
					30E7AD0D1EE45F5B000609DB = {
						CreatedOnToolsVersion = 8.3;
						ProvisioningStyle = Automatic;
					};
					30E7AD261EE45F5B000609DB = {
						CreatedOnToolsVersion = 8.3;
						ProvisioningStyle = Automatic;
						TestTargetID = 30E7AD0D1EE45F5B000609DB;
					};
					30E7AD311EE45F5B000609DB = {
						CreatedOnToolsVersion = 8.3;
						ProvisioningStyle = Automatic;
						TestTargetID = 30E7AD0D1EE45F5B000609DB;
					};
				};
			};
			buildConfigurationList = 30E7AD091EE45F5B000609DB /* Build configuration list for PBXProject "Project" */;
			compatibilityVersion = "Xcode 3.2";
			developmentRegion = English;
			hasScannedForEncodings = 0;
			knownRegions = (
				en,
				Base,
			);
			mainGroup = 30E7AD051EE45F5B000609DB;
			productRefGroup = 30E7AD0F1EE45F5B000609DB /* Products */;
			projectDirPath = "";
			projectRoot = "";
			targets = (
				30E7AD0D1EE45F5B000609DB /* Project */,
				30E7AD261EE45F5B000609DB /* ProjectTests */,
				30E7AD311EE45F5B000609DB /* ProjectUITests */,
			);
		};
/* End PBXProject section */

/* Begin PBXResourcesBuildPhase section */
		30E7AD0C1EE45F5B000609DB /* Resources */ = {
			isa = PBXResourcesBuildPhase;
			buildActionMask = 2147483647;
			files = (
				30E7AD211EE45F5B000609DB /* LaunchScreen.storyboard in Resources */,
				30E7AD1E1EE45F5B000609DB /* Assets.xcassets in Resources */,
				30E7AD1C1EE45F5B000609DB /* Main.storyboard in Resources */,
			);
			runOnlyForDeploymentPostprocessing = 0;
		};
		30E7AD251EE45F5B000609DB /* Resources */ = {
			isa = PBXResourcesBuildPhase;
			buildActionMask = 2147483647;
			files = (
			);
			runOnlyForDeploymentPostprocessing = 0;
		};
		30E7AD301EE45F5B000609DB /* Resources */ = {
			isa = PBXResourcesBuildPhase;
			buildActionMask = 2147483647;
			files = (
			);
			runOnlyForDeploymentPostprocessing = 0;
		};
/* End PBXResourcesBuildPhase section */

/* Begin PBXShellScriptBuildPhase section */
		BDBACE608AE7F81B951FFDEE /* [CP] Check Pods Manifest.lock */ = {
			isa = PBXShellScriptBuildPhase;
			buildActionMask = 2147483647;
			files = (
			);
			inputPaths = (
			);
			name = "[CP] Check Pods Manifest.lock";
			outputPaths = (
			);
			runOnlyForDeploymentPostprocessing = 0;
			shellPath = /bin/sh;
			shellScript = "diff \"${PODS_PODFILE_DIR_PATH}/Podfile.lock\" \"${PODS_ROOT}/Manifest.lock\" > /dev/null\nif [ $? != 0 ] ; then\n    # print error to STDERR\n    echo \"error: The sandbox is not in sync with the Podfile.lock. Run 'pod install' or update your CocoaPods installation.\" >&2\n    exit 1\nfi\n";
			showEnvVarsInLog = 0;
		};
		D20EE8A4B5CDA475E6E44406 /* [CP] Copy Pods Resources */ = {
			isa = PBXShellScriptBuildPhase;
			buildActionMask = 2147483647;
			files = (
			);
			inputPaths = (
			);
			name = "[CP] Copy Pods Resources";
			outputPaths = (
			);
			runOnlyForDeploymentPostprocessing = 0;
			shellPath = /bin/sh;
			shellScript = "\"${SRCROOT}/Pods/Target Support Files/Pods-Project/Pods-Project-resources.sh\"\n";
			showEnvVarsInLog = 0;
		};
		ED2A191272BB6986CAFB3C9C /* [CP] Embed Pods Frameworks */ = {
			isa = PBXShellScriptBuildPhase;
			buildActionMask = 2147483647;
			files = (
			);
			inputPaths = (
			);
			name = "[CP] Embed Pods Frameworks";
			outputPaths = (
			);
			runOnlyForDeploymentPostprocessing = 0;
			shellPath = /bin/sh;
			shellScript = "\"${SRCROOT}/Pods/Target Support Files/Pods-Project/Pods-Project-frameworks.sh\"\n";
			showEnvVarsInLog = 0;
		};
/* End PBXShellScriptBuildPhase section */

/* Begin PBXSourcesBuildPhase section */
		30E7AD0A1EE45F5B000609DB /* Sources */ = {
			isa = PBXSourcesBuildPhase;
			buildActionMask = 2147483647;
			files = (
				30E7AD191EE45F5B000609DB /* ViewController.m in Sources */,
				30E7AD161EE45F5B000609DB /* AppDelegate.m in Sources */,
				30E7AD131EE45F5B000609DB /* main.m in Sources */,
			);
			runOnlyForDeploymentPostprocessing = 0;
		};
		30E7AD231EE45F5B000609DB /* Sources */ = {
			isa = PBXSourcesBuildPhase;
			buildActionMask = 2147483647;
			files = (
				30E7AD2C1EE45F5B000609DB /* ProjectTests.m in Sources */,
			);
			runOnlyForDeploymentPostprocessing = 0;
		};
		30E7AD2E1EE45F5B000609DB /* Sources */ = {
			isa = PBXSourcesBuildPhase;
			buildActionMask = 2147483647;
			files = (
				30E7AD371EE45F5B000609DB /* ProjectUITests.m in Sources */,
			);
			runOnlyForDeploymentPostprocessing = 0;
		};
/* End PBXSourcesBuildPhase section */

/* Begin PBXTargetDependency section */
		30E7AD291EE45F5B000609DB /* PBXTargetDependency */ = {
			isa = PBXTargetDependency;
			target = 30E7AD0D1EE45F5B000609DB /* Project */;
			targetProxy = 30E7AD281EE45F5B000609DB /* PBXContainerItemProxy */;
		};
		30E7AD341EE45F5B000609DB /* PBXTargetDependency */ = {
			isa = PBXTargetDependency;
			target = 30E7AD0D1EE45F5B000609DB /* Project */;
			targetProxy = 30E7AD331EE45F5B000609DB /* PBXContainerItemProxy */;
		};
/* End PBXTargetDependency section */

/* Begin PBXVariantGroup section */
		30E7AD1A1EE45F5B000609DB /* Main.storyboard */ = {
			isa = PBXVariantGroup;
			children = (
				30E7AD1B1EE45F5B000609DB /* Base */,
			);
			name = Main.storyboard;
			sourceTree = "<group>";
		};
		30E7AD1F1EE45F5B000609DB /* LaunchScreen.storyboard */ = {
			isa = PBXVariantGroup;
			children = (
				30E7AD201EE45F5B000609DB /* Base */,
			);
			name = LaunchScreen.storyboard;
			sourceTree = "<group>";
		};
/* End PBXVariantGroup section */

/* Begin XCBuildConfiguration section */
		30E7AD391EE45F5B000609DB /* Debug */ = {
			isa = XCBuildConfiguration;
			buildSettings = {
				ALWAYS_SEARCH_USER_PATHS = NO;
				CLANG_ANALYZER_NONNULL = YES;
				CLANG_ANALYZER_NUMBER_OBJECT_CONVERSION = YES_AGGRESSIVE;
				CLANG_CXX_LANGUAGE_STANDARD = "gnu++0x";
				CLANG_CXX_LIBRARY = "libc++";
				CLANG_ENABLE_MODULES = YES;
				CLANG_ENABLE_OBJC_ARC = YES;
				CLANG_WARN_BOOL_CONVERSION = YES;
				CLANG_WARN_CONSTANT_CONVERSION = YES;
				CLANG_WARN_DIRECT_OBJC_ISA_USAGE = YES_ERROR;
				CLANG_WARN_DOCUMENTATION_COMMENTS = YES;
				CLANG_WARN_EMPTY_BODY = YES;
				CLANG_WARN_ENUM_CONVERSION = YES;
				CLANG_WARN_INFINITE_RECURSION = YES;
				CLANG_WARN_INT_CONVERSION = YES;
				CLANG_WARN_OBJC_ROOT_CLASS = YES_ERROR;
				CLANG_WARN_SUSPICIOUS_MOVE = YES;
				CLANG_WARN_UNREACHABLE_CODE = YES;
				CLANG_WARN__DUPLICATE_METHOD_MATCH = YES;
				"CODE_SIGN_IDENTITY[sdk=iphoneos*]" = "iPhone Developer";
				COPY_PHASE_STRIP = NO;
				DEBUG_INFORMATION_FORMAT = dwarf;
				ENABLE_STRICT_OBJC_MSGSEND = YES;
				ENABLE_TESTABILITY = YES;
				GCC_C_LANGUAGE_STANDARD = gnu99;
				GCC_DYNAMIC_NO_PIC = NO;
				GCC_NO_COMMON_BLOCKS = YES;
				GCC_OPTIMIZATION_LEVEL = 0;
				GCC_PREPROCESSOR_DEFINITIONS = (
					"DEBUG=1",
					"$(inherited)",
				);
				GCC_WARN_64_TO_32_BIT_CONVERSION = YES;
				GCC_WARN_ABOUT_RETURN_TYPE = YES_ERROR;
				GCC_WARN_UNDECLARED_SELECTOR = YES;
				GCC_WARN_UNINITIALIZED_AUTOS = YES_AGGRESSIVE;
				GCC_WARN_UNUSED_FUNCTION = YES;
				GCC_WARN_UNUSED_VARIABLE = YES;
				IPHONEOS_DEPLOYMENT_TARGET = 10.3;
				MTL_ENABLE_DEBUG_INFO = YES;
				ONLY_ACTIVE_ARCH = YES;
				SDKROOT = iphoneos;
				TARGETED_DEVICE_FAMILY = "1,2";
			};
			name = Debug;
		};
		30E7AD3A1EE45F5B000609DB /* Release */ = {
			isa = XCBuildConfiguration;
			buildSettings = {
				ALWAYS_SEARCH_USER_PATHS = NO;
				CLANG_ANALYZER_NONNULL = YES;
				CLANG_ANALYZER_NUMBER_OBJECT_CONVERSION = YES_AGGRESSIVE;
				CLANG_CXX_LANGUAGE_STANDARD = "gnu++0x";
				CLANG_CXX_LIBRARY = "libc++";
				CLANG_ENABLE_MODULES = YES;
				CLANG_ENABLE_OBJC_ARC = YES;
				CLANG_WARN_BOOL_CONVERSION = YES;
				CLANG_WARN_CONSTANT_CONVERSION = YES;
				CLANG_WARN_DIRECT_OBJC_ISA_USAGE = YES_ERROR;
				CLANG_WARN_DOCUMENTATION_COMMENTS = YES;
				CLANG_WARN_EMPTY_BODY = YES;
				CLANG_WARN_ENUM_CONVERSION = YES;
				CLANG_WARN_INFINITE_RECURSION = YES;
				CLANG_WARN_INT_CONVERSION = YES;
				CLANG_WARN_OBJC_ROOT_CLASS = YES_ERROR;
				CLANG_WARN_SUSPICIOUS_MOVE = YES;
				CLANG_WARN_UNREACHABLE_CODE = YES;
				CLANG_WARN__DUPLICATE_METHOD_MATCH = YES;
				"CODE_SIGN_IDENTITY[sdk=iphoneos*]" = "iPhone Developer";
				COPY_PHASE_STRIP = NO;
				DEBUG_INFORMATION_FORMAT = "dwarf-with-dsym";
				ENABLE_NS_ASSERTIONS = NO;
				ENABLE_STRICT_OBJC_MSGSEND = YES;
				GCC_C_LANGUAGE_STANDARD = gnu99;
				GCC_NO_COMMON_BLOCKS = YES;
				GCC_WARN_64_TO_32_BIT_CONVERSION = YES;
				GCC_WARN_ABOUT_RETURN_TYPE = YES_ERROR;
				GCC_WARN_UNDECLARED_SELECTOR = YES;
				GCC_WARN_UNINITIALIZED_AUTOS = YES_AGGRESSIVE;
				GCC_WARN_UNUSED_FUNCTION = YES;
				GCC_WARN_UNUSED_VARIABLE = YES;
				IPHONEOS_DEPLOYMENT_TARGET = 10.3;
				MTL_ENABLE_DEBUG_INFO = NO;
				SDKROOT = iphoneos;
				TARGETED_DEVICE_FAMILY = "1,2";
				VALIDATE_PRODUCT = YES;
			};
			name = Release;
		};
		30E7AD3C1EE45F5B000609DB /* Debug */ = {
			isa = XCBuildConfiguration;
			baseConfigurationReference = 56FC3416DFF9F64B508E4880 /* Pods-Project.debug.xcconfig */;
			buildSettings = {
				ASSETCATALOG_COMPILER_APPICON_NAME = AppIcon;
				GCC_PREFIX_HEADER = "$(SRCROOT)/Project/ProjectHeader.pch";
				INFOPLIST_FILE = Project/Info.plist;
				LD_RUNPATH_SEARCH_PATHS = "$(inherited) @executable_path/Frameworks";
				PRODUCT_BUNDLE_IDENTIFIER = jushTest.Project;
				PRODUCT_NAME = "$(TARGET_NAME)";
				USER_HEADER_SEARCH_PATHS = "${SRCROOT}/**";
			};
			name = Debug;
		};
		30E7AD3D1EE45F5B000609DB /* Release */ = {
			isa = XCBuildConfiguration;
			baseConfigurationReference = 061EE9EA6E7181AD71D1C79E /* Pods-Project.release.xcconfig */;
			buildSettings = {
				ASSETCATALOG_COMPILER_APPICON_NAME = AppIcon;
				GCC_PREFIX_HEADER = "$(SRCROOT)/Project/ProjectHeader.pch";
				INFOPLIST_FILE = Project/Info.plist;
				LD_RUNPATH_SEARCH_PATHS = "$(inherited) @executable_path/Frameworks";
				PRODUCT_BUNDLE_IDENTIFIER = jushTest.Project;
				PRODUCT_NAME = "$(TARGET_NAME)";
				USER_HEADER_SEARCH_PATHS = "${SRCROOT}/**";
			};
			name = Release;
		};
		30E7AD3F1EE45F5B000609DB /* Debug */ = {
			isa = XCBuildConfiguration;
			buildSettings = {
				BUNDLE_LOADER = "$(TEST_HOST)";
				INFOPLIST_FILE = ProjectTests/Info.plist;
				LD_RUNPATH_SEARCH_PATHS = "$(inherited) @executable_path/Frameworks @loader_path/Frameworks";
				PRODUCT_BUNDLE_IDENTIFIER = jushTest.ProjectTests;
				PRODUCT_NAME = "$(TARGET_NAME)";
				TEST_HOST = "$(BUILT_PRODUCTS_DIR)/Project.app/Project";
			};
			name = Debug;
		};
		30E7AD401EE45F5B000609DB /* Release */ = {
			isa = XCBuildConfiguration;
			buildSettings = {
				BUNDLE_LOADER = "$(TEST_HOST)";
				INFOPLIST_FILE = ProjectTests/Info.plist;
				LD_RUNPATH_SEARCH_PATHS = "$(inherited) @executable_path/Frameworks @loader_path/Frameworks";
				PRODUCT_BUNDLE_IDENTIFIER = jushTest.ProjectTests;
				PRODUCT_NAME = "$(TARGET_NAME)";
				TEST_HOST = "$(BUILT_PRODUCTS_DIR)/Project.app/Project";
			};
			name = Release;
		};
		30E7AD421EE45F5B000609DB /* Debug */ = {
			isa = XCBuildConfiguration;
			buildSettings = {
				INFOPLIST_FILE = ProjectUITests/Info.plist;
				LD_RUNPATH_SEARCH_PATHS = "$(inherited) @executable_path/Frameworks @loader_path/Frameworks";
				PRODUCT_BUNDLE_IDENTIFIER = jushTest.ProjectUITests;
				PRODUCT_NAME = "$(TARGET_NAME)";
				TEST_TARGET_NAME = Project;
			};
			name = Debug;
		};
		30E7AD431EE45F5B000609DB /* Release */ = {
			isa = XCBuildConfiguration;
			buildSettings = {
				INFOPLIST_FILE = ProjectUITests/Info.plist;
				LD_RUNPATH_SEARCH_PATHS = "$(inherited) @executable_path/Frameworks @loader_path/Frameworks";
				PRODUCT_BUNDLE_IDENTIFIER = jushTest.ProjectUITests;
				PRODUCT_NAME = "$(TARGET_NAME)";
				TEST_TARGET_NAME = Project;
			};
			name = Release;
		};
/* End XCBuildConfiguration section */

/* Begin XCConfigurationList section */
		30E7AD091EE45F5B000609DB /* Build configuration list for PBXProject "Project" */ = {
			isa = XCConfigurationList;
			buildConfigurations = (
				30E7AD391EE45F5B000609DB /* Debug */,
				30E7AD3A1EE45F5B000609DB /* Release */,
			);
			defaultConfigurationIsVisible = 0;
			defaultConfigurationName = Release;
		};
		30E7AD3B1EE45F5B000609DB /* Build configuration list for PBXNativeTarget "Project" */ = {
			isa = XCConfigurationList;
			buildConfigurations = (
				30E7AD3C1EE45F5B000609DB /* Debug */,
				30E7AD3D1EE45F5B000609DB /* Release */,
			);
			defaultConfigurationIsVisible = 0;
			defaultConfigurationName = Release;
		};
		30E7AD3E1EE45F5B000609DB /* Build configuration list for PBXNativeTarget "ProjectTests" */ = {
			isa = XCConfigurationList;
			buildConfigurations = (
				30E7AD3F1EE45F5B000609DB /* Debug */,
				30E7AD401EE45F5B000609DB /* Release */,
			);
			defaultConfigurationIsVisible = 0;
			defaultConfigurationName = Release;
		};
		30E7AD411EE45F5B000609DB /* Build configuration list for PBXNativeTarget "ProjectUITests" */ = {
			isa = XCConfigurationList;
			buildConfigurations = (
				30E7AD421EE45F5B000609DB /* Debug */,
				30E7AD431EE45F5B000609DB /* Release */,
			);
			defaultConfigurationIsVisible = 0;
			defaultConfigurationName = Release;
		};
/* End XCConfigurationList section */
	};
	rootObject = 30E7AD061EE45F5B000609DB /* Project object */;
}
